
Microsoft Visual Studio Solution File, Format Version 12.00
# Visual Studio Version 17
VisualStudioVersion = 17.3.32922.545
MinimumVisualStudioVersion = 10.0.40219.1
Project("{9A19103F-16F7-4668-BE54-9A1E7A4F7556}") = "BookStore", "BookStore.csproj", "{970D7C00-FBD3-49FA-9F1E-3F47CAC3C394}"
EndProject
Project("{FAE04EC0-301F-11D3-BF4B-00C04F79EFBC}") = "BookStore.DAL", "..\BookStore.DAL\BookStore.DAL.csproj", "{94ACAA86-EC2D-406C-B3CD-A494940103EE}"
EndProject
Project("{FAE04EC0-301F-11D3-BF4B-00C04F79EFBC}") = "BookStore.BAL", "..\BookStore.BAL\BookStore.BAL.csproj", "{985CBE7D-A0BA-4F12-A4DE-C0FF3C0D670D}"
EndProject
Global
	GlobalSection(SolutionConfigurationPlatforms) = preSolution
		Debug|Any CPU = Debug|Any CPU
		Release|Any CPU = Release|Any CPU
	EndGlobalSection
	GlobalSection(ProjectConfigurationPlatforms) = postSolution
		{970D7C00-FBD3-49FA-9F1E-3F47CAC3C394}.Debug|Any CPU.ActiveCfg = Debug|Any CPU
		{970D7C00-FBD3-49FA-9F1E-3F47CAC3C394}.Debug|Any CPU.Build.0 = Debug|Any CPU
		{970D7C00-FBD3-49FA-9F1E-3F47CAC3C394}.Release|Any CPU.ActiveCfg = Release|Any CPU
		{970D7C00-FBD3-49FA-9F1E-3F47CAC3C394}.Release|Any CPU.Build.0 = Release|Any CPU
		{94ACAA86-EC2D-406C-B3CD-A494940103EE}.Debug|Any CPU.ActiveCfg = Debug|Any CPU
		{94ACAA86-EC2D-406C-B3CD-A494940103EE}.Debug|Any CPU.Build.0 = Debug|Any CPU
		{94ACAA86-EC2D-406C-B3CD-A494940103EE}.Release|Any CPU.ActiveCfg = Release|Any CPU
		{94ACAA86-EC2D-406C-B3CD-A494940103EE}.Release|Any CPU.Build.0 = Release|Any CPU
		{985CBE7D-A0BA-4F12-A4DE-C0FF3C0D670D}.Debug|Any CPU.ActiveCfg = Debug|Any CPU
		{985CBE7D-A0BA-4F12-A4DE-C0FF3C0D670D}.Debug|Any CPU.Build.0 = Debug|Any CPU
		{985CBE7D-A0BA-4F12-A4DE-C0FF3C0D670D}.Release|Any CPU.ActiveCfg = Release|Any CPU
		{985CBE7D-A0BA-4F12-A4DE-C0FF3C0D670D}.Release|Any CPU.Build.0 = Release|Any CPU
	EndGlobalSection
	GlobalSection(SolutionProperties) = preSolution
		HideSolutionNode = FALSE
	EndGlobalSection
	GlobalSection(ExtensibilityGlobals) = postSolution
		SolutionGuid = {E86E671A-99F5-47CA-BD09-33F83CA252EE}
	EndGlobalSection
EndGlobal
